{
  "name": "rcon-latency-throttle",
  "version": "1.0.0",
  "lockfileVersion": 3,
  "requires": true,
  "packages": {
    "": {
      "name": "rcon-latency-throttle",
      "version": "1.0.0",
      "license": "MIT",
      "dependencies": {
        "rcon-client": "^4.2.3"
      }
    },
    "node_modules/rcon-client": {
      "version": "4.2.3",
      "resolved": "https://registry.npmjs.org/rcon-client/-/rcon-client-4.2.3.tgz",
      "integrity": "sha512-g+DEzI3O0Nl4Y3mPp6DHhSpYeiv+wTq8iKxCumFGO0/SMCsdNfx9bpT5RyHa7phR5dvspKfQK0ZYJp1YCtXNng==",
      "dependencies": {
        "typed-emitter": "^0.1.0"
      }
    },
    "node_modules/typed-emitter": {
      "version": "0.1.0",
      "resolved": "https://registry.npmjs.org/typed-emitter/-/typed-emitter-0.1.0.tgz",
      "integrity": "sha512-Tfay0l6gJMP5rkil8CzGbLthukn+9BN/VXWcABVFPjOoelJ+koW8BuPZYk+h/L+lEeIp1fSzVRiWRPIjKVjPdg=="
    }
  }
}
